// !$*UTF8*$!
{
	archiveVersion = 1;
	classes = {
	};
	objectVersion = 56;
	objects = {

/* Begin PBXBuildFile section */
		031887892B96FBA3008BB132 /* RNMessageHandler.m in Sources */ = {isa = PBXBuildFile; fileRef = 031887812B96FB9B008BB132 /* RNMessageHandler.m */; };
		0318878A2B96FBA3008BB132 /* RNBridge.m in Sources */ = {isa = PBXBuildFile; fileRef = 031887822B96FB9C008BB132 /* RNBridge.m */; };
		0318878B2B96FBA3008BB132 /* RNWidge.m in Sources */ = {isa = PBXBuildFile; fileRef = 031887842B96FB9E008BB132 /* RNWidge.m */; };
		0318878C2B96FBA3008BB132 /* ViewController.xib in Resources */ = {isa = PBXBuildFile; fileRef = 031887852B96FB9F008BB132 /* ViewController.xib */; };
		0318878D2B96FBA3008BB132 /* RNViewController.m in Sources */ = {isa = PBXBuildFile; fileRef = 031887862B96FBA0008BB132 /* RNViewController.m */; };
		0318878E2B96FBA3008BB132 /* RNWidgetManager.m in Sources */ = {isa = PBXBuildFile; fileRef = 031887882B96FBA3008BB132 /* RNWidgetManager.m */; };
		031887902B96FC22008BB132 /* index.jsbundle in Resources */ = {isa = PBXBuildFile; fileRef = 0318878F2B96FC22008BB132 /* index.jsbundle */; };
		03D2EBCA2B6752FF00C244A4 /* AppDelegate.m in Sources */ = {isa = PBXBuildFile; fileRef = 03D2EBC92B6752FF00C244A4 /* AppDelegate.m */; };
		03D2EBCD2B6752FF00C244A4 /* SceneDelegate.m in Sources */ = {isa = PBXBuildFile; fileRef = 03D2EBCC2B6752FF00C244A4 /* SceneDelegate.m */; };
		03D2EBD02B6752FF00C244A4 /* ViewController.m in Sources */ = {isa = PBXBuildFile; fileRef = 03D2EBCF2B6752FF00C244A4 /* ViewController.m */; };
		03D2EBD32B6752FF00C244A4 /* Main.storyboard in Resources */ = {isa = PBXBuildFile; fileRef = 03D2EBD12B6752FF00C244A4 /* Main.storyboard */; };
		03D2EBD52B67530000C244A4 /* Assets.xcassets in Resources */ = {isa = PBXBuildFile; fileRef = 03D2EBD42B67530000C244A4 /* Assets.xcassets */; };
		03D2EBD82B67530000C244A4 /* LaunchScreen.storyboard in Resources */ = {isa = PBXBuildFile; fileRef = 03D2EBD62B67530000C244A4 /* LaunchScreen.storyboard */; };
		03D2EBDB2B67530000C244A4 /* main.m in Sources */ = {isa = PBXBuildFile; fileRef = 03D2EBDA2B67530000C244A4 /* main.m */; };
		C01E059231A238EF8045B3F2 /* libPods-NewProject.a in Frameworks */ = {isa = PBXBuildFile; fileRef = 732968D9CEB1A7F013FF64B7 /* libPods-NewProject.a */; };
/* End PBXBuildFile section */

/* Begin PBXFileReference section */
		0318877E2B96FB97008BB132 /* RNWidgetManager.h */ = {isa = PBXFileReference; fileEncoding = 4; lastKnownFileType = sourcecode.c.h; path = RNWidgetManager.h; sourceTree = "<group>"; };
		0318877F2B96FB98008BB132 /* RNMessageHandler.h */ = {isa = PBXFileReference; fileEncoding = 4; lastKnownFileType = sourcecode.c.h; path = RNMessageHandler.h; sourceTree = "<group>"; };
		031887802B96FB9A008BB132 /* RNViewController.h */ = {isa = PBXFileReference; fileEncoding = 4; lastKnownFileType = sourcecode.c.h; path = RNViewController.h; sourceTree = "<group>"; };
		031887812B96FB9B008BB132 /* RNMessageHandler.m */ = {isa = PBXFileReference; fileEncoding = 4; lastKnownFileType = sourcecode.c.objc; path = RNMessageHandler.m; sourceTree = "<group>"; };
		031887822B96FB9C008BB132 /* RNBridge.m */ = {isa = PBXFileReference; fileEncoding = 4; lastKnownFileType = sourcecode.c.objc; path = RNBridge.m; sourceTree = "<group>"; };
		031887832B96FB9D008BB132 /* RNBridge.h */ = {isa = PBXFileReference; fileEncoding = 4; lastKnownFileType = sourcecode.c.h; path = RNBridge.h; sourceTree = "<group>"; };
		031887842B96FB9E008BB132 /* RNWidge.m */ = {isa = PBXFileReference; fileEncoding = 4; lastKnownFileType = sourcecode.c.objc; path = RNWidge.m; sourceTree = "<group>"; };
		031887852B96FB9F008BB132 /* ViewController.xib */ = {isa = PBXFileReference; fileEncoding = 4; lastKnownFileType = file.xib; path = ViewController.xib; sourceTree = "<group>"; };
		031887862B96FBA0008BB132 /* RNViewController.m */ = {isa = PBXFileReference; fileEncoding = 4; lastKnownFileType = sourcecode.c.objc; path = RNViewController.m; sourceTree = "<group>"; };
		031887872B96FBA2008BB132 /* RNWidge.h */ = {isa = PBXFileReference; fileEncoding = 4; lastKnownFileType = sourcecode.c.h; path = RNWidge.h; sourceTree = "<group>"; };
		031887882B96FBA3008BB132 /* RNWidgetManager.m */ = {isa = PBXFileReference; fileEncoding = 4; lastKnownFileType = sourcecode.c.objc; path = RNWidgetManager.m; sourceTree = "<group>"; };
		0318878F2B96FC22008BB132 /* index.jsbundle */ = {isa = PBXFileReference; fileEncoding = 4; lastKnownFileType = text; path = index.jsbundle; sourceTree = "<group>"; };
		03D2EBC52B6752FF00C244A4 /* NewProject.app */ = {isa = PBXFileReference; explicitFileType = wrapper.application; includeInIndex = 0; path = NewProject.app; sourceTree = BUILT_PRODUCTS_DIR; };
		03D2EBC82B6752FF00C244A4 /* AppDelegate.h */ = {isa = PBXFileReference; lastKnownFileType = sourcecode.c.h; path = AppDelegate.h; sourceTree = "<group>"; };
		03D2EBC92B6752FF00C244A4 /* AppDelegate.m */ = {isa = PBXFileReference; lastKnownFileType = sourcecode.c.objc; path = AppDelegate.m; sourceTree = "<group>"; };
		03D2EBCB2B6752FF00C244A4 /* SceneDelegate.h */ = {isa = PBXFileReference; lastKnownFileType = sourcecode.c.h; path = SceneDelegate.h; sourceTree = "<group>"; };
		03D2EBCC2B6752FF00C244A4 /* SceneDelegate.m */ = {isa = PBXFileReference; lastKnownFileType = sourcecode.c.objc; path = SceneDelegate.m; sourceTree = "<group>"; };
		03D2EBCE2B6752FF00C244A4 /* ViewController.h */ = {isa = PBXFileReference; lastKnownFileType = sourcecode.c.h; path = ViewController.h; sourceTree = "<group>"; };
		03D2EBCF2B6752FF00C244A4 /* ViewController.m */ = {isa = PBXFileReference; lastKnownFileType = sourcecode.c.objc; path = ViewController.m; sourceTree = "<group>"; };
		03D2EBD22B6752FF00C244A4 /* Base */ = {isa = PBXFileReference; lastKnownFileType = file.storyboard; name = Base; path = Base.lproj/Main.storyboard; sourceTree = "<group>"; };
		03D2EBD42B67530000C244A4 /* Assets.xcassets */ = {isa = PBXFileReference; lastKnownFileType = folder.assetcatalog; path = Assets.xcassets; sourceTree = "<group>"; };
		03D2EBD72B67530000C244A4 /* Base */ = {isa = PBXFileReference; lastKnownFileType = file.storyboard; name = Base; path = Base.lproj/LaunchScreen.storyboard; sourceTree = "<group>"; };
		03D2EBD92B67530000C244A4 /* Info.plist */ = {isa = PBXFileReference; lastKnownFileType = text.plist.xml; path = Info.plist; sourceTree = "<group>"; };
		03D2EBDA2B67530000C244A4 /* main.m */ = {isa = PBXFileReference; lastKnownFileType = sourcecode.c.objc; path = main.m; sourceTree = "<group>"; };
		732968D9CEB1A7F013FF64B7 /* libPods-NewProject.a */ = {isa = PBXFileReference; explicitFileType = archive.ar; includeInIndex = 0; path = "libPods-NewProject.a"; sourceTree = BUILT_PRODUCTS_DIR; };
		C350AE3365A78766576E2B41 /* Pods-NewProject.release.xcconfig */ = {isa = PBXFileReference; includeInIndex = 1; lastKnownFileType = text.xcconfig; name = "Pods-NewProject.release.xcconfig"; path = "Target Support Files/Pods-NewProject/Pods-NewProject.release.xcconfig"; sourceTree = "<group>"; };
		CAC93A586865F9AA34099A80 /* Pods-NewProject.debug.xcconfig */ = {isa = PBXFileReference; includeInIndex = 1; lastKnownFileType = text.xcconfig; name = "Pods-NewProject.debug.xcconfig"; path = "Target Support Files/Pods-NewProject/Pods-NewProject.debug.xcconfig"; sourceTree = "<group>"; };
/* End PBXFileReference section */

/* Begin PBXFrameworksBuildPhase section */
		03D2EBC22B6752FF00C244A4 /* Frameworks */ = {
			isa = PBXFrameworksBuildPhase;
			buildActionMask = 2147483647;
			files = (
				C01E059231A238EF8045B3F2 /* libPods-NewProject.a in Frameworks */,
			);
			runOnlyForDeploymentPostprocessing = 0;
		};
/* End PBXFrameworksBuildPhase section */

/* Begin PBXGroup section */
		002DB431B52A4C11A472196D /* Frameworks */ = {
			isa = PBXGroup;
			children = (
				732968D9CEB1A7F013FF64B7 /* libPods-NewProject.a */,
			);
			name = Frameworks;
			sourceTree = "<group>";
		};
		03D2EBBC2B6752FF00C244A4 = {
			isa = PBXGroup;
			children = (
				03D2EBC72B6752FF00C244A4 /* NewProject */,
				03D2EBC62B6752FF00C244A4 /* Products */,
				4082EDE3C2815E3835F7FDA1 /* Pods */,
				002DB431B52A4C11A472196D /* Frameworks */,
			);
			sourceTree = "<group>";
		};
		03D2EBC62B6752FF00C244A4 /* Products */ = {
			isa = PBXGroup;
			children = (
				03D2EBC52B6752FF00C244A4 /* NewProject.app */,
			);
			name = Products;
			sourceTree = "<group>";
		};
		03D2EBC72B6752FF00C244A4 /* NewProject */ = {
			isa = PBXGroup;
			children = (
				03D2EBC82B6752FF00C244A4 /* AppDelegate.h */,
				03D2EBC92B6752FF00C244A4 /* AppDelegate.m */,
				03D2EBCB2B6752FF00C244A4 /* SceneDelegate.h */,
				03D2EBCC2B6752FF00C244A4 /* SceneDelegate.m */,
				03D2EBCE2B6752FF00C244A4 /* ViewController.h */,
				03D2EBCF2B6752FF00C244A4 /* ViewController.m */,
				031887852B96FB9F008BB132 /* ViewController.xib */,
				031887802B96FB9A008BB132 /* RNViewController.h */,
				031887862B96FBA0008BB132 /* RNViewController.m */,
				031887832B96FB9D008BB132 /* RNBridge.h */,
				031887822B96FB9C008BB132 /* RNBridge.m */,
				0318877F2B96FB98008BB132 /* RNMessageHandler.h */,
				031887812B96FB9B008BB132 /* RNMessageHandler.m */,
				0318877E2B96FB97008BB132 /* RNWidgetManager.h */,
				031887882B96FBA3008BB132 /* RNWidgetManager.m */,
				031887872B96FBA2008BB132 /* RNWidge.h */,
				031887842B96FB9E008BB132 /* RNWidge.m */,
				0318878F2B96FC22008BB132 /* index.jsbundle */,
				03D2EBD12B6752FF00C244A4 /* Main.storyboard */,
				03D2EBD42B67530000C244A4 /* Assets.xcassets */,
				03D2EBD62B67530000C244A4 /* LaunchScreen.storyboard */,
				03D2EBD92B67530000C244A4 /* Info.plist */,
				03D2EBDA2B67530000C244A4 /* main.m */,
			);
			path = NewProject;
			sourceTree = "<group>";
		};
		4082EDE3C2815E3835F7FDA1 /* Pods */ = {
			isa = PBXGroup;
			children = (
				CAC93A586865F9AA34099A80 /* Pods-NewProject.debug.xcconfig */,
				C350AE3365A78766576E2B41 /* Pods-NewProject.release.xcconfig */,
			);
			path = Pods;
			sourceTree = "<group>";
		};
/* End PBXGroup section */

/* Begin PBXNativeTarget section */
		03D2EBC42B6752FF00C244A4 /* NewProject */ = {
			isa = PBXNativeTarget;
			buildConfigurationList = 03D2EBDE2B67530000C244A4 /* Build configuration list for PBXNativeTarget "NewProject" */;
			buildPhases = (
				7B8B82A7A3EBD8904585514E /* [CP] Check Pods Manifest.lock */,
				03D2EBC12B6752FF00C244A4 /* Sources */,
				03D2EBC22B6752FF00C244A4 /* Frameworks */,
				03D2EBC32B6752FF00C244A4 /* Resources */,
				548D55F0D8A3F80EDAF8805C /* [CP] Embed Pods Frameworks */,
				4E4C33633148DD5E0FB6C9C8 /* [CP] Copy Pods Resources */,
			);
			buildRules = (
			);
			dependencies = (
			);
			name = NewProject;
			productName = NewProject;
			productReference = 03D2EBC52B6752FF00C244A4 /* NewProject.app */;
			productType = "com.apple.product-type.application";
		};
/* End PBXNativeTarget section */

/* Begin PBXProject section */
		03D2EBBD2B6752FF00C244A4 /* Project object */ = {
			isa = PBXProject;
			attributes = {
				BuildIndependentTargetsInParallel = 1;
				LastUpgradeCheck = 1430;
				TargetAttributes = {
					03D2EBC42B6752FF00C244A4 = {
						CreatedOnToolsVersion = 14.3.1;
					};
				};
			};
			buildConfigurationList = 03D2EBC02B6752FF00C244A4 /* Build configuration list for PBXProject "NewProject" */;
			compatibilityVersion = "Xcode 14.0";
			developmentRegion = en;
			hasScannedForEncodings = 0;
			knownRegions = (
				en,
				Base,
			);
			mainGroup = 03D2EBBC2B6752FF00C244A4;
			productRefGroup = 03D2EBC62B6752FF00C244A4 /* Products */;
			projectDirPath = "";
			projectRoot = "";
			targets = (
				03D2EBC42B6752FF00C244A4 /* NewProject */,
			);
		};
/* End PBXProject section */

/* Begin PBXResourcesBuildPhase section */
		03D2EBC32B6752FF00C244A4 /* Resources */ = {
			isa = PBXResourcesBuildPhase;
			buildActionMask = 2147483647;
			files = (
				03D2EBD82B67530000C244A4 /* LaunchScreen.storyboard in Resources */,
				031887902B96FC22008BB132 /* index.jsbundle in Resources */,
				03D2EBD52B67530000C244A4 /* Assets.xcassets in Resources */,
				0318878C2B96FBA3008BB132 /* ViewController.xib in Resources */,
				03D2EBD32B6752FF00C244A4 /* Main.storyboard in Resources */,
			);
			runOnlyForDeploymentPostprocessing = 0;
		};
/* End PBXResourcesBuildPhase section */

/* Begin PBXShellScriptBuildPhase section */
		4E4C33633148DD5E0FB6C9C8 /* [CP] Copy Pods Resources */ = {
			isa = PBXShellScriptBuildPhase;
			buildActionMask = 2147483647;
			files = (
			);
			inputFileListPaths = (
				"${PODS_ROOT}/Target Support Files/Pods-NewProject/Pods-NewProject-resources-${CONFIGURATION}-input-files.xcfilelist",
			);
			name = "[CP] Copy Pods Resources";
			outputFileListPaths = (
				"${PODS_ROOT}/Target Support Files/Pods-NewProject/Pods-NewProject-resources-${CONFIGURATION}-output-files.xcfilelist",
			);
			runOnlyForDeploymentPostprocessing = 0;
			shellPath = /bin/sh;
			shellScript = "\"${PODS_ROOT}/Target Support Files/Pods-NewProject/Pods-NewProject-resources.sh\"\n";
			showEnvVarsInLog = 0;
		};
		548D55F0D8A3F80EDAF8805C /* [CP] Embed Pods Frameworks */ = {
			isa = PBXShellScriptBuildPhase;
			buildActionMask = 2147483647;
			files = (
			);
			inputFileListPaths = (
				"${PODS_ROOT}/Target Support Files/Pods-NewProject/Pods-NewProject-frameworks-${CONFIGURATION}-input-files.xcfilelist",
			);
			name = "[CP] Embed Pods Frameworks";
			outputFileListPaths = (
				"${PODS_ROOT}/Target Support Files/Pods-NewProject/Pods-NewProject-frameworks-${CONFIGURATION}-output-files.xcfilelist",
			);
			runOnlyForDeploymentPostprocessing = 0;
			shellPath = /bin/sh;
			shellScript = "\"${PODS_ROOT}/Target Support Files/Pods-NewProject/Pods-NewProject-frameworks.sh\"\n";
			showEnvVarsInLog = 0;
		};
		7B8B82A7A3EBD8904585514E /* [CP] Check Pods Manifest.lock */ = {
			isa = PBXShellScriptBuildPhase;
			buildActionMask = 2147483647;
			files = (
			);
			inputFileListPaths = (
			);
			inputPaths = (
				"${PODS_PODFILE_DIR_PATH}/Podfile.lock",
				"${PODS_ROOT}/Manifest.lock",
			);
			name = "[CP] Check Pods Manifest.lock";
			outputFileListPaths = (
			);
			outputPaths = (
				"$(DERIVED_FILE_DIR)/Pods-NewProject-checkManifestLockResult.txt",
			);
			runOnlyForDeploymentPostprocessing = 0;
			shellPath = /bin/sh;
			shellScript = "diff \"${PODS_PODFILE_DIR_PATH}/Podfile.lock\" \"${PODS_ROOT}/Manifest.lock\" > /dev/null\nif [ $? != 0 ] ; then\n    # print error to STDERR\n    echo \"error: The sandbox is not in sync with the Podfile.lock. Run 'pod install' or update your CocoaPods installation.\" >&2\n    exit 1\nfi\n# This output is used by Xcode 'outputs' to avoid re-running this script phase.\necho \"SUCCESS\" > \"${SCRIPT_OUTPUT_FILE_0}\"\n";
			showEnvVarsInLog = 0;
		};
/* End PBXShellScriptBuildPhase section */

/* Begin PBXSourcesBuildPhase section */
		03D2EBC12B6752FF00C244A4 /* Sources */ = {
			isa = PBXSourcesBuildPhase;
			buildActionMask = 2147483647;
			files = (
				0318878A2B96FBA3008BB132 /* RNBridge.m in Sources */,
				0318878B2B96FBA3008BB132 /* RNWidge.m in Sources */,
				031887892B96FBA3008BB132 /* RNMessageHandler.m in Sources */,
				0318878E2B96FBA3008BB132 /* RNWidgetManager.m in Sources */,
				03D2EBD02B6752FF00C244A4 /* ViewController.m in Sources */,
				0318878D2B96FBA3008BB132 /* RNViewController.m in Sources */,
				03D2EBCA2B6752FF00C244A4 /* AppDelegate.m in Sources */,
				03D2EBDB2B67530000C244A4 /* main.m in Sources */,
				03D2EBCD2B6752FF00C244A4 /* SceneDelegate.m in Sources */,
			);
			runOnlyForDeploymentPostprocessing = 0;
		};
/* End PBXSourcesBuildPhase section */

/* Begin PBXVariantGroup section */
		03D2EBD12B6752FF00C244A4 /* Main.storyboard */ = {
			isa = PBXVariantGroup;
			children = (
				03D2EBD22B6752FF00C244A4 /* Base */,
			);
			name = Main.storyboard;
			sourceTree = "<group>";
		};
		03D2EBD62B67530000C244A4 /* LaunchScreen.storyboard */ = {
			isa = PBXVariantGroup;
			children = (
				03D2EBD72B67530000C244A4 /* Base */,
			);
			name = LaunchScreen.storyboard;
			sourceTree = "<group>";
		};
/* End PBXVariantGroup section */

/* Begin XCBuildConfiguration section */
		03D2EBDC2B67530000C244A4 /* Debug */ = {
			isa = XCBuildConfiguration;
			buildSettings = {
				ALWAYS_SEARCH_USER_PATHS = NO;
				CLANG_ANALYZER_NONNULL = YES;
				CLANG_ANALYZER_NUMBER_OBJECT_CONVERSION = YES_AGGRESSIVE;
				CLANG_CXX_LANGUAGE_STANDARD = "c++20";
				CLANG_ENABLE_MODULES = YES;
				CLANG_ENABLE_OBJC_ARC = YES;
				CLANG_ENABLE_OBJC_WEAK = YES;
				CLANG_WARN_BLOCK_CAPTURE_AUTORELEASING = YES;
				CLANG_WARN_BOOL_CONVERSION = YES;
				CLANG_WARN_COMMA = YES;
				CLANG_WARN_CONSTANT_CONVERSION = YES;
				CLANG_WARN_DEPRECATED_OBJC_IMPLEMENTATIONS = YES;
				CLANG_WARN_DIRECT_OBJC_ISA_USAGE = YES_ERROR;
				CLANG_WARN_DOCUMENTATION_COMMENTS = YES;
				CLANG_WARN_EMPTY_BODY = YES;
				CLANG_WARN_ENUM_CONVERSION = YES;
				CLANG_WARN_INFINITE_RECURSION = YES;
				CLANG_WARN_INT_CONVERSION = YES;
				CLANG_WARN_NON_LITERAL_NULL_CONVERSION = YES;
				CLANG_WARN_OBJC_IMPLICIT_RETAIN_SELF = YES;
				CLANG_WARN_OBJC_LITERAL_CONVERSION = YES;
				CLANG_WARN_OBJC_ROOT_CLASS = YES_ERROR;
				CLANG_WARN_QUOTED_INCLUDE_IN_FRAMEWORK_HEADER = YES;
				CLANG_WARN_RANGE_LOOP_ANALYSIS = YES;
				CLANG_WARN_STRICT_PROTOTYPES = YES;
				CLANG_WARN_SUSPICIOUS_MOVE = YES;
				CLANG_WARN_UNGUARDED_AVAILABILITY = YES_AGGRESSIVE;
				CLANG_WARN_UNREACHABLE_CODE = YES;
				CLANG_WARN__DUPLICATE_METHOD_MATCH = YES;
				COPY_PHASE_STRIP = NO;
				DEBUG_INFORMATION_FORMAT = dwarf;
				ENABLE_STRICT_OBJC_MSGSEND = YES;
				ENABLE_TESTABILITY = YES;
				"EXCLUDED_ARCHS[sdk=iphonesimulator*]" = i386;
				GCC_C_LANGUAGE_STANDARD = gnu11;
				GCC_DYNAMIC_NO_PIC = NO;
				GCC_NO_COMMON_BLOCKS = YES;
				GCC_OPTIMIZATION_LEVEL = 0;
				GCC_PREPROCESSOR_DEFINITIONS = (
					"DEBUG=1",
					"$(inherited)",
				);
				GCC_WARN_64_TO_32_BIT_CONVERSION = YES;
				GCC_WARN_ABOUT_RETURN_TYPE = YES_ERROR;
				GCC_WARN_UNDECLARED_SELECTOR = YES;
				GCC_WARN_UNINITIALIZED_AUTOS = YES_AGGRESSIVE;
				GCC_WARN_UNUSED_FUNCTION = YES;
				GCC_WARN_UNUSED_VARIABLE = YES;
				IPHONEOS_DEPLOYMENT_TARGET = 16.4;
				MTL_ENABLE_DEBUG_INFO = INCLUDE_SOURCE;
				MTL_FAST_MATH = YES;
				ONLY_ACTIVE_ARCH = YES;
				OTHER_CFLAGS = "$(inherited)";
				OTHER_CPLUSPLUSFLAGS = "$(inherited)";
				OTHER_LDFLAGS = "";
				REACT_NATIVE_PATH = "${PODS_ROOT}/../../node_modules/react-native";
				SDKROOT = iphoneos;
				USE_HERMES = true;
			};
			name = Debug;
		};
		03D2EBDD2B67530000C244A4 /* Release */ = {
			isa = XCBuildConfiguration;
			buildSettings = {
				ALWAYS_SEARCH_USER_PATHS = NO;
				CLANG_ANALYZER_NONNULL = YES;
				CLANG_ANALYZER_NUMBER_OBJECT_CONVERSION = YES_AGGRESSIVE;
				CLANG_CXX_LANGUAGE_STANDARD = "c++20";
				CLANG_ENABLE_MODULES = YES;
				CLANG_ENABLE_OBJC_ARC = YES;
				CLANG_ENABLE_OBJC_WEAK = YES;
				CLANG_WARN_BLOCK_CAPTURE_AUTORELEASING = YES;
				CLANG_WARN_BOOL_CONVERSION = YES;
				CLANG_WARN_COMMA = YES;
				CLANG_WARN_CONSTANT_CONVERSION = YES;
				CLANG_WARN_DEPRECATED_OBJC_IMPLEMENTATIONS = YES;
				CLANG_WARN_DIRECT_OBJC_ISA_USAGE = YES_ERROR;
				CLANG_WARN_DOCUMENTATION_COMMENTS = YES;
				CLANG_WARN_EMPTY_BODY = YES;
				CLANG_WARN_ENUM_CONVERSION = YES;
				CLANG_WARN_INFINITE_RECURSION = YES;
				CLANG_WARN_INT_CONVERSION = YES;
				CLANG_WARN_NON_LITERAL_NULL_CONVERSION = YES;
				CLANG_WARN_OBJC_IMPLICIT_RETAIN_SELF = YES;
				CLANG_WARN_OBJC_LITERAL_CONVERSION = YES;
				CLANG_WARN_OBJC_ROOT_CLASS = YES_ERROR;
				CLANG_WARN_QUOTED_INCLUDE_IN_FRAMEWORK_HEADER = YES;
				CLANG_WARN_RANGE_LOOP_ANALYSIS = YES;
				CLANG_WARN_STRICT_PROTOTYPES = YES;
				CLANG_WARN_SUSPICIOUS_MOVE = YES;
				CLANG_WARN_UNGUARDED_AVAILABILITY = YES_AGGRESSIVE;
				CLANG_WARN_UNREACHABLE_CODE = YES;
				CLANG_WARN__DUPLICATE_METHOD_MATCH = YES;
				COPY_PHASE_STRIP = NO;
				DEBUG_INFORMATION_FORMAT = "dwarf-with-dsym";
				ENABLE_NS_ASSERTIONS = NO;
				ENABLE_STRICT_OBJC_MSGSEND = YES;
				"EXCLUDED_ARCHS[sdk=iphonesimulator*]" = i386;
				GCC_C_LANGUAGE_STANDARD = gnu11;
				GCC_NO_COMMON_BLOCKS = YES;
				GCC_WARN_64_TO_32_BIT_CONVERSION = YES;
				GCC_WARN_ABOUT_RETURN_TYPE = YES_ERROR;
				GCC_WARN_UNDECLARED_SELECTOR = YES;
				GCC_WARN_UNINITIALIZED_AUTOS = YES_AGGRESSIVE;
				GCC_WARN_UNUSED_FUNCTION = YES;
				GCC_WARN_UNUSED_VARIABLE = YES;
				IPHONEOS_DEPLOYMENT_TARGET = 16.4;
				MTL_ENABLE_DEBUG_INFO = NO;
				MTL_FAST_MATH = YES;
				OTHER_CFLAGS = "$(inherited)";
				OTHER_CPLUSPLUSFLAGS = "$(inherited)";
				OTHER_LDFLAGS = "";
				REACT_NATIVE_PATH = "${PODS_ROOT}/../../node_modules/react-native";
				SDKROOT = iphoneos;
				USE_HERMES = true;
				VALIDATE_PRODUCT = YES;
			};
			name = Release;
		};
		03D2EBDF2B67530000C244A4 /* Debug */ = {
			isa = XCBuildConfiguration;
			baseConfigurationReference = CAC93A586865F9AA34099A80 /* Pods-NewProject.debug.xcconfig */;
			buildSettings = {
				ASSETCATALOG_COMPILER_APPICON_NAME = AppIcon;
				ASSETCATALOG_COMPILER_GLOBAL_ACCENT_COLOR_NAME = AccentColor;
				CODE_SIGN_STYLE = Automatic;
				CURRENT_PROJECT_VERSION = 1;
				DEVELOPMENT_TEAM = 9A7WJ695BX;
				GENERATE_INFOPLIST_FILE = YES;
				INFOPLIST_FILE = NewProject/Info.plist;
				INFOPLIST_KEY_UIApplicationSupportsIndirectInputEvents = YES;
				INFOPLIST_KEY_UILaunchStoryboardName = LaunchScreen;
				INFOPLIST_KEY_UIMainStoryboardFile = Main;
				INFOPLIST_KEY_UISupportedInterfaceOrientations_iPad = "UIInterfaceOrientationPortrait UIInterfaceOrientationPortraitUpsideDown UIInterfaceOrientationLandscapeLeft UIInterfaceOrientationLandscapeRight";
				INFOPLIST_KEY_UISupportedInterfaceOrientations_iPhone = "UIInterfaceOrientationPortrait UIInterfaceOrientationLandscapeLeft UIInterfaceOrientationLandscapeRight";
				IPHONEOS_DEPLOYMENT_TARGET = 11.0;
				LD_RUNPATH_SEARCH_PATHS = (
					"$(inherited)",
					"@executable_path/Frameworks",
				);
				MARKETING_VERSION = 1.0;
				PRODUCT_BUNDLE_IDENTIFIER = com.base.NewProject;
				PRODUCT_NAME = "$(TARGET_NAME)";
				SWIFT_EMIT_LOC_STRINGS = YES;
				TARGETED_DEVICE_FAMILY = "1,2";
			};
			name = Debug;
		};
		03D2EBE02B67530000C244A4 /* Release */ = {
			isa = XCBuildConfiguration;
			baseConfigurationReference = C350AE3365A78766576E2B41 /* Pods-NewProject.release.xcconfig */;
			buildSettings = {
				ASSETCATALOG_COMPILER_APPICON_NAME = AppIcon;
				ASSETCATALOG_COMPILER_GLOBAL_ACCENT_COLOR_NAME = AccentColor;
				CODE_SIGN_STYLE = Automatic;
				CURRENT_PROJECT_VERSION = 1;
				DEVELOPMENT_TEAM = 9A7WJ695BX;
				GENERATE_INFOPLIST_FILE = YES;
				INFOPLIST_FILE = NewProject/Info.plist;
				INFOPLIST_KEY_UIApplicationSupportsIndirectInputEvents = YES;
				INFOPLIST_KEY_UILaunchStoryboardName = LaunchScreen;
				INFOPLIST_KEY_UIMainStoryboardFile = Main;
				INFOPLIST_KEY_UISupportedInterfaceOrientations_iPad = "UIInterfaceOrientationPortrait UIInterfaceOrientationPortraitUpsideDown UIInterfaceOrientationLandscapeLeft UIInterfaceOrientationLandscapeRight";
				INFOPLIST_KEY_UISupportedInterfaceOrientations_iPhone = "UIInterfaceOrientationPortrait UIInterfaceOrientationLandscapeLeft UIInterfaceOrientationLandscapeRight";
				IPHONEOS_DEPLOYMENT_TARGET = 11.0;
				LD_RUNPATH_SEARCH_PATHS = (
					"$(inherited)",
					"@executable_path/Frameworks",
				);
				MARKETING_VERSION = 1.0;
				PRODUCT_BUNDLE_IDENTIFIER = com.base.NewProject;
				PRODUCT_NAME = "$(TARGET_NAME)";
				SWIFT_EMIT_LOC_STRINGS = YES;
				TARGETED_DEVICE_FAMILY = "1,2";
			};
			name = Release;
		};
/* End XCBuildConfiguration section */

/* Begin XCConfigurationList section */
		03D2EBC02B6752FF00C244A4 /* Build configuration list for PBXProject "NewProject" */ = {
			isa = XCConfigurationList;
			buildConfigurations = (
				03D2EBDC2B67530000C244A4 /* Debug */,
				03D2EBDD2B67530000C244A4 /* Release */,
			);
			defaultConfigurationIsVisible = 0;
			defaultConfigurationName = Release;
		};
		03D2EBDE2B67530000C244A4 /* Build configuration list for PBXNativeTarget "NewProject" */ = {
			isa = XCConfigurationList;
			buildConfigurations = (
				03D2EBDF2B67530000C244A4 /* Debug */,
				03D2EBE02B67530000C244A4 /* Release */,
			);
			defaultConfigurationIsVisible = 0;
			defaultConfigurationName = Release;
		};
/* End XCConfigurationList section */
	};
	rootObject = 03D2EBBD2B6752FF00C244A4 /* Project object */;
}
